lockfileVersion: '6.0'

dependencies:
  '@sindresorhus/slugify':
    specifier: ^2.2.0
    version: 2.2.0
  '@types/node':
    specifier: ^18.15.11
    version: 18.15.11

packages:

  /@sindresorhus/slugify@2.2.0:
    resolution: {integrity: sha512-9Vybc/qX8Kj6pxJaapjkFbiUJPk7MAkCh/GFCxIBnnsuYCFPIXKvnLidG8xlepht3i24L5XemUmGtrJ3UWrl6w==}
    engines: {node: '>=12'}
    dependencies:
      '@sindresorhus/transliterate': 1.6.0
      escape-string-regexp: 5.0.0
    dev: false

  /@sindresorhus/transliterate@1.6.0:
    resolution: {integrity: sha512-doH1gimEu3A46VX6aVxpHTeHrytJAG6HgdxntYnCFiIFHEM/ZGpG8KiZGBChchjQmG0XFIBL552kBTjVcMZXwQ==}
    engines: {node: '>=12'}
    dependencies:
      escape-string-regexp: 5.0.0
    dev: false

  /@types/node@18.15.11:
    resolution: {integrity: sha512-E5Kwq2n4SbMzQOn6wnmBjuK9ouqlURrcZDVfbo9ftDDTFt3nk7ZKK4GMOzoYgnpQJKcxwQw+lGaBvvlMo0qN/Q==}
    dev: false

  /escape-string-regexp@5.0.0:
    resolution: {integrity: sha512-/veY75JbMK4j1yjvuUxuVsiS/hr/4iHs9FTT6cgTexxdE0Ly/glccBAkloH/DofkjRbZU3bnoj38mOmhkZ0lHw==}
    engines: {node: '>=12'}
    dev: false
